{
  "name": "node-app-packagepublish",
  "version": "1.0.0",
  "lockfileVersion": 1,
  "requires": true,
  "dependencies": {
    "demo-try": {
      "version": "1.0.0",
      "resolved": "https://registry.npmjs.org/demo-try/-/demo-try-1.0.0.tgz",
      "integrity": "sha512-XDhe6ikVVoS2JrIpgJzUz0lvCnH5j4PPlqXc5igqtua/pGCR2z2q+bp87ZnNSg+/sLSSScFIntkMKF8tPbCWpw=="
    }
  }
}
